
Microsoft Visual Studio Solution File, Format Version 12.00
# Visual Studio 15
VisualStudioVersion = 15.0.28307.438
MinimumVisualStudioVersion = 10.0.40219.1
Project("{FAE04EC0-301F-11D3-BF4B-00C04F79EFBC}") = "FypManagementSystem", "FypManagementSystem\FypManagementSystem.csproj", "{4A348B4C-1CAF-46B8-BB2F-619CAC0E3B4C}"
EndProject
Global
	GlobalSection(SolutionConfigurationPlatforms) = preSolution
		Debug|Any CPU = Debug|Any CPU
		Release|Any CPU = Release|Any CPU
	EndGlobalSection
	GlobalSection(ProjectConfigurationPlatforms) = postSolution
		{4A348B4C-1CAF-46B8-BB2F-619CAC0E3B4C}.Debug|Any CPU.ActiveCfg = Debug|Any CPU
		{4A348B4C-1CAF-46B8-BB2F-619CAC0E3B4C}.Debug|Any CPU.Build.0 = Debug|Any CPU
		{4A348B4C-1CAF-46B8-BB2F-619CAC0E3B4C}.Release|Any CPU.ActiveCfg = Release|Any CPU
		{4A348B4C-1CAF-46B8-BB2F-619CAC0E3B4C}.Release|Any CPU.Build.0 = Release|Any CPU
	EndGlobalSection
	GlobalSection(SolutionProperties) = preSolution
		HideSolutionNode = FALSE
	EndGlobalSection
	GlobalSection(ExtensibilityGlobals) = postSolution
		SolutionGuid = {51A23953-3F81-4E70-ADA4-256038D2DDCB}
	EndGlobalSection
EndGlobal
